
Microsoft Visual Studio Solution File, Format Version 12.00
# Visual Studio Version 17
VisualStudioVersion = 17.10.34928.147
MinimumVisualStudioVersion = 10.0.40219.1
Project("{FAE04EC0-301F-11D3-BF4B-00C04F79EFBC}") = "LMV-Management", "LMV-Management\LMV-Management.csproj", "{4F95349D-0684-49B2-B259-9A8C692FE89E}"
EndProject
Global
	GlobalSection(SolutionConfigurationPlatforms) = preSolution
		Debug|Any CPU = Debug|Any CPU
		Release|Any CPU = Release|Any CPU
	EndGlobalSection
	GlobalSection(ProjectConfigurationPlatforms) = postSolution
		{4F95349D-0684-49B2-B259-9A8C692FE89E}.Debug|Any CPU.ActiveCfg = Debug|Any CPU
		{4F95349D-0684-49B2-B259-9A8C692FE89E}.Debug|Any CPU.Build.0 = Debug|Any CPU
		{4F95349D-0684-49B2-B259-9A8C692FE89E}.Release|Any CPU.ActiveCfg = Release|Any CPU
		{4F95349D-0684-49B2-B259-9A8C692FE89E}.Release|Any CPU.Build.0 = Release|Any CPU
	EndGlobalSection
	GlobalSection(SolutionProperties) = preSolution
		HideSolutionNode = FALSE
	EndGlobalSection
	GlobalSection(ExtensibilityGlobals) = postSolution
		SolutionGuid = {2E8A35FE-5FB4-4CB4-9F6F-A1D07728BAC3}
	EndGlobalSection
EndGlobal
